
Microsoft Visual Studio Solution File, Format Version 12.00
# Visual Studio Version 17
VisualStudioVersion = 17.1.32421.90
MinimumVisualStudioVersion = 10.0.40219.1
Project("{FAE04EC0-301F-11D3-BF4B-00C04F79EFBC}") = "CabInvoiceGenerator", "CabInvoiceGenerator\CabInvoiceGenerator.csproj", "{8D4EC072-2D5A-49C0-9561-981E4F8A0196}"
EndProject
Global
	GlobalSection(SolutionConfigurationPlatforms) = preSolution
		Debug|Any CPU = Debug|Any CPU
		Release|Any CPU = Release|Any CPU
	EndGlobalSection
	GlobalSection(ProjectConfigurationPlatforms) = postSolution
		{8D4EC072-2D5A-49C0-9561-981E4F8A0196}.Debug|Any CPU.ActiveCfg = Debug|Any CPU
		{8D4EC072-2D5A-49C0-9561-981E4F8A0196}.Debug|Any CPU.Build.0 = Debug|Any CPU
		{8D4EC072-2D5A-49C0-9561-981E4F8A0196}.Release|Any CPU.ActiveCfg = Release|Any CPU
		{8D4EC072-2D5A-49C0-9561-981E4F8A0196}.Release|Any CPU.Build.0 = Release|Any CPU
	EndGlobalSection
	GlobalSection(SolutionProperties) = preSolution
		HideSolutionNode = FALSE
	EndGlobalSection
	GlobalSection(ExtensibilityGlobals) = postSolution
		SolutionGuid = {AD8D2829-C835-42AD-9D6E-DC17A32DD7B3}
	EndGlobalSection
EndGlobal
